
Microsoft Visual Studio Solution File, Format Version 12.00
# Visual Studio Version 17
VisualStudioVersion = 17.14.36203.30 d17.14
MinimumVisualStudioVersion = 10.0.40219.1
Project("{FAE04EC0-301F-11D3-BF4B-00C04F79EFBC}") = "Atividade07", "Atividade07\Atividade07.csproj", "{E2779C7E-56AF-49FB-9615-FD39FBE3BDAF}"
EndProject
Global
	GlobalSection(SolutionConfigurationPlatforms) = preSolution
		Debug|Any CPU = Debug|Any CPU
		Release|Any CPU = Release|Any CPU
	EndGlobalSection
	GlobalSection(ProjectConfigurationPlatforms) = postSolution
		{E2779C7E-56AF-49FB-9615-FD39FBE3BDAF}.Debug|Any CPU.ActiveCfg = Debug|Any CPU
		{E2779C7E-56AF-49FB-9615-FD39FBE3BDAF}.Debug|Any CPU.Build.0 = Debug|Any CPU
		{E2779C7E-56AF-49FB-9615-FD39FBE3BDAF}.Release|Any CPU.ActiveCfg = Release|Any CPU
		{E2779C7E-56AF-49FB-9615-FD39FBE3BDAF}.Release|Any CPU.Build.0 = Release|Any CPU
	EndGlobalSection
	GlobalSection(SolutionProperties) = preSolution
		HideSolutionNode = FALSE
	EndGlobalSection
	GlobalSection(ExtensibilityGlobals) = postSolution
		SolutionGuid = {27468291-A59E-42BD-B4A4-198CABBB48A0}
	EndGlobalSection
EndGlobal
