
Microsoft Visual Studio Solution File, Format Version 12.00
# Visual Studio Version 17
VisualStudioVersion = 17.14.36203.30 d17.14
MinimumVisualStudioVersion = 10.0.40219.1
Project("{FAE04EC0-301F-11D3-BF4B-00C04F79EFBC}") = "15-Atividade", "15-Atividade\15-Atividade.csproj", "{0A76FEE9-81BB-404A-B779-D39A796168EA}"
EndProject
Global
	GlobalSection(SolutionConfigurationPlatforms) = preSolution
		Debug|Any CPU = Debug|Any CPU
		Release|Any CPU = Release|Any CPU
	EndGlobalSection
	GlobalSection(ProjectConfigurationPlatforms) = postSolution
		{0A76FEE9-81BB-404A-B779-D39A796168EA}.Debug|Any CPU.ActiveCfg = Debug|Any CPU
		{0A76FEE9-81BB-404A-B779-D39A796168EA}.Debug|Any CPU.Build.0 = Debug|Any CPU
		{0A76FEE9-81BB-404A-B779-D39A796168EA}.Release|Any CPU.ActiveCfg = Release|Any CPU
		{0A76FEE9-81BB-404A-B779-D39A796168EA}.Release|Any CPU.Build.0 = Release|Any CPU
	EndGlobalSection
	GlobalSection(SolutionProperties) = preSolution
		HideSolutionNode = FALSE
	EndGlobalSection
	GlobalSection(ExtensibilityGlobals) = postSolution
		SolutionGuid = {878EBF24-00FB-4A73-9905-6937A9282F1D}
	EndGlobalSection
EndGlobal
