
Microsoft Visual Studio Solution File, Format Version 12.00
# Visual Studio Version 17
VisualStudioVersion = 17.14.36203.30 d17.14
MinimumVisualStudioVersion = 10.0.40219.1
Project("{FAE04EC0-301F-11D3-BF4B-00C04F79EFBC}") = "Exemplo-Repetição", "Exemplo-Repetição\Exemplo-Repetição.csproj", "{2AD2905D-3FD9-4193-95AB-B10345F74D6B}"
EndProject
Global
	GlobalSection(SolutionConfigurationPlatforms) = preSolution
		Debug|Any CPU = Debug|Any CPU
		Release|Any CPU = Release|Any CPU
	EndGlobalSection
	GlobalSection(ProjectConfigurationPlatforms) = postSolution
		{2AD2905D-3FD9-4193-95AB-B10345F74D6B}.Debug|Any CPU.ActiveCfg = Debug|Any CPU
		{2AD2905D-3FD9-4193-95AB-B10345F74D6B}.Debug|Any CPU.Build.0 = Debug|Any CPU
		{2AD2905D-3FD9-4193-95AB-B10345F74D6B}.Release|Any CPU.ActiveCfg = Release|Any CPU
		{2AD2905D-3FD9-4193-95AB-B10345F74D6B}.Release|Any CPU.Build.0 = Release|Any CPU
	EndGlobalSection
	GlobalSection(SolutionProperties) = preSolution
		HideSolutionNode = FALSE
	EndGlobalSection
	GlobalSection(ExtensibilityGlobals) = postSolution
		SolutionGuid = {0BE2E94F-1299-4691-AF02-5DFD3E8E7A4C}
	EndGlobalSection
EndGlobal
