
Microsoft Visual Studio Solution File, Format Version 12.00
# Visual Studio Version 17
VisualStudioVersion = 17.14.36203.30 d17.14
MinimumVisualStudioVersion = 10.0.40219.1
Project("{FAE04EC0-301F-11D3-BF4B-00C04F79EFBC}") = "16-Atividade", "16-Atividade\16-Atividade.csproj", "{30BD18BA-5DC9-44CC-BF7B-87C81618344D}"
EndProject
Global
	GlobalSection(SolutionConfigurationPlatforms) = preSolution
		Debug|Any CPU = Debug|Any CPU
		Release|Any CPU = Release|Any CPU
	EndGlobalSection
	GlobalSection(ProjectConfigurationPlatforms) = postSolution
		{30BD18BA-5DC9-44CC-BF7B-87C81618344D}.Debug|Any CPU.ActiveCfg = Debug|Any CPU
		{30BD18BA-5DC9-44CC-BF7B-87C81618344D}.Debug|Any CPU.Build.0 = Debug|Any CPU
		{30BD18BA-5DC9-44CC-BF7B-87C81618344D}.Release|Any CPU.ActiveCfg = Release|Any CPU
		{30BD18BA-5DC9-44CC-BF7B-87C81618344D}.Release|Any CPU.Build.0 = Release|Any CPU
	EndGlobalSection
	GlobalSection(SolutionProperties) = preSolution
		HideSolutionNode = FALSE
	EndGlobalSection
	GlobalSection(ExtensibilityGlobals) = postSolution
		SolutionGuid = {FB1E9B82-ACE3-43BC-94DE-F0094E8B22C2}
	EndGlobalSection
EndGlobal
